
Microsoft Visual Studio Solution File, Format Version 12.00
# Visual Studio Version 16
VisualStudioVersion = 16.0.32929.386
MinimumVisualStudioVersion = 10.0.40219.1
Project("{FAE04EC0-301F-11D3-BF4B-00C04F79EFBC}") = "AppCompras.Android", "AppCompras.Android\AppCompras.Android.csproj", "{1E937ED7-D527-4540-8750-AE73661BFAE0}"
EndProject
Project("{FAE04EC0-301F-11D3-BF4B-00C04F79EFBC}") = "AppCompras.iOS", "AppCompras.iOS\AppCompras.iOS.csproj", "{F349D45E-2A13-4206-A6B7-12E2D2BFD607}"
EndProject
Project("{FAE04EC0-301F-11D3-BF4B-00C04F79EFBC}") = "AppCompras", "AppCompras\AppCompras.csproj", "{9132A6B5-621A-47B1-A195-E896673DACCC}"
EndProject
Global
	GlobalSection(SolutionConfigurationPlatforms) = preSolution
		Debug|Any CPU = Debug|Any CPU
		Debug|iPhone = Debug|iPhone
		Debug|iPhoneSimulator = Debug|iPhoneSimulator
		Release|Any CPU = Release|Any CPU
		Release|iPhone = Release|iPhone
		Release|iPhoneSimulator = Release|iPhoneSimulator
	EndGlobalSection
	GlobalSection(ProjectConfigurationPlatforms) = postSolution
		{1E937ED7-D527-4540-8750-AE73661BFAE0}.Debug|Any CPU.ActiveCfg = Debug|Any CPU
		{1E937ED7-D527-4540-8750-AE73661BFAE0}.Debug|Any CPU.Build.0 = Debug|Any CPU
		{1E937ED7-D527-4540-8750-AE73661BFAE0}.Debug|Any CPU.Deploy.0 = Debug|Any CPU
		{1E937ED7-D527-4540-8750-AE73661BFAE0}.Debug|iPhone.ActiveCfg = Debug|Any CPU
		{1E937ED7-D527-4540-8750-AE73661BFAE0}.Debug|iPhone.Build.0 = Debug|Any CPU
		{1E937ED7-D527-4540-8750-AE73661BFAE0}.Debug|iPhone.Deploy.0 = Debug|Any CPU
		{1E937ED7-D527-4540-8750-AE73661BFAE0}.Debug|iPhoneSimulator.ActiveCfg = Debug|Any CPU
		{1E937ED7-D527-4540-8750-AE73661BFAE0}.Debug|iPhoneSimulator.Build.0 = Debug|Any CPU
		{1E937ED7-D527-4540-8750-AE73661BFAE0}.Debug|iPhoneSimulator.Deploy.0 = Debug|Any CPU
		{1E937ED7-D527-4540-8750-AE73661BFAE0}.Release|Any CPU.ActiveCfg = Release|Any CPU
		{1E937ED7-D527-4540-8750-AE73661BFAE0}.Release|Any CPU.Build.0 = Release|Any CPU
		{1E937ED7-D527-4540-8750-AE73661BFAE0}.Release|Any CPU.Deploy.0 = Release|Any CPU
		{1E937ED7-D527-4540-8750-AE73661BFAE0}.Release|iPhone.ActiveCfg = Release|Any CPU
		{1E937ED7-D527-4540-8750-AE73661BFAE0}.Release|iPhone.Build.0 = Release|Any CPU
		{1E937ED7-D527-4540-8750-AE73661BFAE0}.Release|iPhone.Deploy.0 = Release|Any CPU
		{1E937ED7-D527-4540-8750-AE73661BFAE0}.Release|iPhoneSimulator.ActiveCfg = Release|Any CPU
		{1E937ED7-D527-4540-8750-AE73661BFAE0}.Release|iPhoneSimulator.Build.0 = Release|Any CPU
		{1E937ED7-D527-4540-8750-AE73661BFAE0}.Release|iPhoneSimulator.Deploy.0 = Release|Any CPU
		{F349D45E-2A13-4206-A6B7-12E2D2BFD607}.Debug|Any CPU.ActiveCfg = Debug|iPhone
		{F349D45E-2A13-4206-A6B7-12E2D2BFD607}.Debug|Any CPU.Build.0 = Debug|iPhone
		{F349D45E-2A13-4206-A6B7-12E2D2BFD607}.Debug|Any CPU.Deploy.0 = Debug|iPhone
		{F349D45E-2A13-4206-A6B7-12E2D2BFD607}.Debug|iPhone.ActiveCfg = Debug|iPhone
		{F349D45E-2A13-4206-A6B7-12E2D2BFD607}.Debug|iPhone.Build.0 = Debug|iPhone
		{F349D45E-2A13-4206-A6B7-12E2D2BFD607}.Debug|iPhone.Deploy.0 = Debug|iPhone
		{F349D45E-2A13-4206-A6B7-12E2D2BFD607}.Debug|iPhoneSimulator.ActiveCfg = Debug|iPhoneSimulator
		{F349D45E-2A13-4206-A6B7-12E2D2BFD607}.Debug|iPhoneSimulator.Build.0 = Debug|iPhoneSimulator
		{F349D45E-2A13-4206-A6B7-12E2D2BFD607}.Debug|iPhoneSimulator.Deploy.0 = Debug|iPhoneSimulator
		{F349D45E-2A13-4206-A6B7-12E2D2BFD607}.Release|Any CPU.ActiveCfg = Release|iPhoneSimulator
		{F349D45E-2A13-4206-A6B7-12E2D2BFD607}.Release|Any CPU.Build.0 = Release|iPhoneSimulator
		{F349D45E-2A13-4206-A6B7-12E2D2BFD607}.Release|Any CPU.Deploy.0 = Release|iPhoneSimulator
		{F349D45E-2A13-4206-A6B7-12E2D2BFD607}.Release|iPhone.ActiveCfg = Release|iPhone
		{F349D45E-2A13-4206-A6B7-12E2D2BFD607}.Release|iPhone.Build.0 = Release|iPhone
		{F349D45E-2A13-4206-A6B7-12E2D2BFD607}.Release|iPhone.Deploy.0 = Release|iPhone
		{F349D45E-2A13-4206-A6B7-12E2D2BFD607}.Release|iPhoneSimulator.ActiveCfg = Release|iPhoneSimulator
		{F349D45E-2A13-4206-A6B7-12E2D2BFD607}.Release|iPhoneSimulator.Build.0 = Release|iPhoneSimulator
		{F349D45E-2A13-4206-A6B7-12E2D2BFD607}.Release|iPhoneSimulator.Deploy.0 = Release|iPhoneSimulator
		{9132A6B5-621A-47B1-A195-E896673DACCC}.Debug|Any CPU.ActiveCfg = Debug|Any CPU
		{9132A6B5-621A-47B1-A195-E896673DACCC}.Debug|Any CPU.Build.0 = Debug|Any CPU
		{9132A6B5-621A-47B1-A195-E896673DACCC}.Debug|Any CPU.Deploy.0 = Debug|Any CPU
		{9132A6B5-621A-47B1-A195-E896673DACCC}.Debug|iPhone.ActiveCfg = Debug|Any CPU
		{9132A6B5-621A-47B1-A195-E896673DACCC}.Debug|iPhone.Build.0 = Debug|Any CPU
		{9132A6B5-621A-47B1-A195-E896673DACCC}.Debug|iPhone.Deploy.0 = Debug|Any CPU
		{9132A6B5-621A-47B1-A195-E896673DACCC}.Debug|iPhoneSimulator.ActiveCfg = Debug|Any CPU
		{9132A6B5-621A-47B1-A195-E896673DACCC}.Debug|iPhoneSimulator.Build.0 = Debug|Any CPU
		{9132A6B5-621A-47B1-A195-E896673DACCC}.Debug|iPhoneSimulator.Deploy.0 = Debug|Any CPU
		{9132A6B5-621A-47B1-A195-E896673DACCC}.Release|Any CPU.ActiveCfg = Release|Any CPU
		{9132A6B5-621A-47B1-A195-E896673DACCC}.Release|Any CPU.Build.0 = Release|Any CPU
		{9132A6B5-621A-47B1-A195-E896673DACCC}.Release|Any CPU.Deploy.0 = Release|Any CPU
		{9132A6B5-621A-47B1-A195-E896673DACCC}.Release|iPhone.ActiveCfg = Release|Any CPU
		{9132A6B5-621A-47B1-A195-E896673DACCC}.Release|iPhone.Build.0 = Release|Any CPU
		{9132A6B5-621A-47B1-A195-E896673DACCC}.Release|iPhone.Deploy.0 = Release|Any CPU
		{9132A6B5-621A-47B1-A195-E896673DACCC}.Release|iPhoneSimulator.ActiveCfg = Release|Any CPU
		{9132A6B5-621A-47B1-A195-E896673DACCC}.Release|iPhoneSimulator.Build.0 = Release|Any CPU
		{9132A6B5-621A-47B1-A195-E896673DACCC}.Release|iPhoneSimulator.Deploy.0 = Release|Any CPU
	EndGlobalSection
	GlobalSection(SolutionProperties) = preSolution
		HideSolutionNode = FALSE
	EndGlobalSection
	GlobalSection(ExtensibilityGlobals) = postSolution
		SolutionGuid = {94CECBB9-BDB0-4782-9735-AB610FF1ECC6}
	EndGlobalSection
EndGlobal
